// !$*UTF8*$!
{
	archiveVersion = 1;
	classes = {
	};
	objectVersion = 46;
	objects = {

/* Begin PBXBuildFile section */
		648CC2F41B5CFF150020D5F1 /* main.m in Sources */ = {isa = PBXBuildFile; fileRef = 648CC2F31B5CFF150020D5F1 /* main.m */; };
		648CC2F71B5CFF150020D5F1 /* AppDelegate.m in Sources */ = {isa = PBXBuildFile; fileRef = 648CC2F61B5CFF150020D5F1 /* AppDelegate.m */; };
		648CC2FF1B5CFF150020D5F1 /* Images.xcassets in Resources */ = {isa = PBXBuildFile; fileRef = 648CC2FE1B5CFF150020D5F1 /* Images.xcassets */; };
		648CC3021B5CFF160020D5F1 /* LaunchScreen.xib in Resources */ = {isa = PBXBuildFile; fileRef = 648CC3001B5CFF160020D5F1 /* LaunchScreen.xib */; };
		648CC30E1B5CFF160020D5F1 /* CuteHttpServerTests.m in Sources */ = {isa = PBXBuildFile; fileRef = 648CC30D1B5CFF160020D5F1 /* CuteHttpServerTests.m */; };
		648CC31D1B5CFF740020D5F1 /* CuteHttpClient.m in Sources */ = {isa = PBXBuildFile; fileRef = 648CC31A1B5CFF740020D5F1 /* CuteHttpClient.m */; };
		648CC31E1B5CFF740020D5F1 /* CuteHttpServer.m in Sources */ = {isa = PBXBuildFile; fileRef = 648CC31C1B5CFF740020D5F1 /* CuteHttpServer.m */; };
/* End PBXBuildFile section */

/* Begin PBXContainerItemProxy section */
		648CC3081B5CFF160020D5F1 /* PBXContainerItemProxy */ = {
			isa = PBXContainerItemProxy;
			containerPortal = 648CC2E61B5CFF150020D5F1 /* Project object */;
			proxyType = 1;
			remoteGlobalIDString = 648CC2ED1B5CFF150020D5F1;
			remoteInfo = CuteHttpServer;
		};
/* End PBXContainerItemProxy section */

/* Begin PBXFileReference section */
		648CC2EE1B5CFF150020D5F1 /* CuteHttpServer.app */ = {isa = PBXFileReference; explicitFileType = wrapper.application; includeInIndex = 0; path = CuteHttpServer.app; sourceTree = BUILT_PRODUCTS_DIR; };
		648CC2F21B5CFF150020D5F1 /* Info.plist */ = {isa = PBXFileReference; lastKnownFileType = text.plist.xml; path = Info.plist; sourceTree = "<group>"; };
		648CC2F31B5CFF150020D5F1 /* main.m */ = {isa = PBXFileReference; lastKnownFileType = sourcecode.c.objc; path = main.m; sourceTree = "<group>"; };
		648CC2F51B5CFF150020D5F1 /* AppDelegate.h */ = {isa = PBXFileReference; lastKnownFileType = sourcecode.c.h; path = AppDelegate.h; sourceTree = "<group>"; };
		648CC2F61B5CFF150020D5F1 /* AppDelegate.m */ = {isa = PBXFileReference; lastKnownFileType = sourcecode.c.objc; path = AppDelegate.m; sourceTree = "<group>"; };
		648CC2FE1B5CFF150020D5F1 /* Images.xcassets */ = {isa = PBXFileReference; lastKnownFileType = folder.assetcatalog; path = Images.xcassets; sourceTree = "<group>"; };
		648CC3011B5CFF160020D5F1 /* Base */ = {isa = PBXFileReference; lastKnownFileType = file.xib; name = Base; path = Base.lproj/LaunchScreen.xib; sourceTree = "<group>"; };
		648CC3071B5CFF160020D5F1 /* CuteHttpServerTests.xctest */ = {isa = PBXFileReference; explicitFileType = wrapper.cfbundle; includeInIndex = 0; path = CuteHttpServerTests.xctest; sourceTree = BUILT_PRODUCTS_DIR; };
		648CC30C1B5CFF160020D5F1 /* Info.plist */ = {isa = PBXFileReference; lastKnownFileType = text.plist.xml; path = Info.plist; sourceTree = "<group>"; };
		648CC30D1B5CFF160020D5F1 /* CuteHttpServerTests.m */ = {isa = PBXFileReference; lastKnownFileType = sourcecode.c.objc; path = CuteHttpServerTests.m; sourceTree = "<group>"; };
		648CC3191B5CFF740020D5F1 /* CuteHttpClient.h */ = {isa = PBXFileReference; fileEncoding = 4; lastKnownFileType = sourcecode.c.h; path = CuteHttpClient.h; sourceTree = "<group>"; };
		648CC31A1B5CFF740020D5F1 /* CuteHttpClient.m */ = {isa = PBXFileReference; fileEncoding = 4; lastKnownFileType = sourcecode.c.objc; path = CuteHttpClient.m; sourceTree = "<group>"; };
		648CC31B1B5CFF740020D5F1 /* CuteHttpServer.h */ = {isa = PBXFileReference; fileEncoding = 4; lastKnownFileType = sourcecode.c.h; path = CuteHttpServer.h; sourceTree = "<group>"; };
		648CC31C1B5CFF740020D5F1 /* CuteHttpServer.m */ = {isa = PBXFileReference; fileEncoding = 4; lastKnownFileType = sourcecode.c.objc; path = CuteHttpServer.m; sourceTree = "<group>"; };
/* End PBXFileReference section */

/* Begin PBXFrameworksBuildPhase section */
		648CC2EB1B5CFF150020D5F1 /* Frameworks */ = {
			isa = PBXFrameworksBuildPhase;
			buildActionMask = 2147483647;
			files = (
			);
			runOnlyForDeploymentPostprocessing = 0;
		};
		648CC3041B5CFF160020D5F1 /* Frameworks */ = {
			isa = PBXFrameworksBuildPhase;
			buildActionMask = 2147483647;
			files = (
			);
			runOnlyForDeploymentPostprocessing = 0;
		};
/* End PBXFrameworksBuildPhase section */

/* Begin PBXGroup section */
		648CC2E51B5CFF150020D5F1 = {
			isa = PBXGroup;
			children = (
				648CC2F01B5CFF150020D5F1 /* CuteHttpServer */,
				648CC30A1B5CFF160020D5F1 /* CuteHttpServerTests */,
				648CC2EF1B5CFF150020D5F1 /* Products */,
			);
			sourceTree = "<group>";
		};
		648CC2EF1B5CFF150020D5F1 /* Products */ = {
			isa = PBXGroup;
			children = (
				648CC2EE1B5CFF150020D5F1 /* CuteHttpServer.app */,
				648CC3071B5CFF160020D5F1 /* CuteHttpServerTests.xctest */,
			);
			name = Products;
			sourceTree = "<group>";
		};
		648CC2F01B5CFF150020D5F1 /* CuteHttpServer */ = {
			isa = PBXGroup;
			children = (
				648CC3171B5CFF530020D5F1 /* Libraries */,
				648CC3181B5CFF530020D5F1 /* Models */,
				648CC2F51B5CFF150020D5F1 /* AppDelegate.h */,
				648CC2F61B5CFF150020D5F1 /* AppDelegate.m */,
				648CC2FE1B5CFF150020D5F1 /* Images.xcassets */,
				648CC3001B5CFF160020D5F1 /* LaunchScreen.xib */,
				648CC2F11B5CFF150020D5F1 /* Supporting Files */,
			);
			path = CuteHttpServer;
			sourceTree = "<group>";
		};
		648CC2F11B5CFF150020D5F1 /* Supporting Files */ = {
			isa = PBXGroup;
			children = (
				648CC2F21B5CFF150020D5F1 /* Info.plist */,
				648CC2F31B5CFF150020D5F1 /* main.m */,
			);
			name = "Supporting Files";
			sourceTree = "<group>";
		};
		648CC30A1B5CFF160020D5F1 /* CuteHttpServerTests */ = {
			isa = PBXGroup;
			children = (
				648CC30D1B5CFF160020D5F1 /* CuteHttpServerTests.m */,
				648CC30B1B5CFF160020D5F1 /* Supporting Files */,
			);
			path = CuteHttpServerTests;
			sourceTree = "<group>";
		};
		648CC30B1B5CFF160020D5F1 /* Supporting Files */ = {
			isa = PBXGroup;
			children = (
				648CC30C1B5CFF160020D5F1 /* Info.plist */,
			);
			name = "Supporting Files";
			sourceTree = "<group>";
		};
		648CC3171B5CFF530020D5F1 /* Libraries */ = {
			isa = PBXGroup;
			children = (
			);
			path = Libraries;
			sourceTree = "<group>";
		};
		648CC3181B5CFF530020D5F1 /* Models */ = {
			isa = PBXGroup;
			children = (
				648CC3191B5CFF740020D5F1 /* CuteHttpClient.h */,
				648CC31A1B5CFF740020D5F1 /* CuteHttpClient.m */,
				648CC31B1B5CFF740020D5F1 /* CuteHttpServer.h */,
				648CC31C1B5CFF740020D5F1 /* CuteHttpServer.m */,
			);
			path = Models;
			sourceTree = "<group>";
		};
/* End PBXGroup section */

/* Begin PBXNativeTarget section */
		648CC2ED1B5CFF150020D5F1 /* CuteHttpServer */ = {
			isa = PBXNativeTarget;
			buildConfigurationList = 648CC3111B5CFF160020D5F1 /* Build configuration list for PBXNativeTarget "CuteHttpServer" */;
			buildPhases = (
				648CC2EA1B5CFF150020D5F1 /* Sources */,
				648CC2EB1B5CFF150020D5F1 /* Frameworks */,
				648CC2EC1B5CFF150020D5F1 /* Resources */,
			);
			buildRules = (
			);
			dependencies = (
			);
			name = CuteHttpServer;
			productName = CuteHttpServer;
			productReference = 648CC2EE1B5CFF150020D5F1 /* CuteHttpServer.app */;
			productType = "com.apple.product-type.application";
		};
		648CC3061B5CFF160020D5F1 /* CuteHttpServerTests */ = {
			isa = PBXNativeTarget;
			buildConfigurationList = 648CC3141B5CFF160020D5F1 /* Build configuration list for PBXNativeTarget "CuteHttpServerTests" */;
			buildPhases = (
				648CC3031B5CFF160020D5F1 /* Sources */,
				648CC3041B5CFF160020D5F1 /* Frameworks */,
				648CC3051B5CFF160020D5F1 /* Resources */,
			);
			buildRules = (
			);
			dependencies = (
				648CC3091B5CFF160020D5F1 /* PBXTargetDependency */,
			);
			name = CuteHttpServerTests;
			productName = CuteHttpServerTests;
			productReference = 648CC3071B5CFF160020D5F1 /* CuteHttpServerTests.xctest */;
			productType = "com.apple.product-type.bundle.unit-test";
		};
/* End PBXNativeTarget section */

/* Begin PBXProject section */
		648CC2E61B5CFF150020D5F1 /* Project object */ = {
			isa = PBXProject;
			attributes = {
				LastUpgradeCheck = 0640;
				ORGANIZATIONNAME = qinzhiwei;
				TargetAttributes = {
					648CC2ED1B5CFF150020D5F1 = {
						CreatedOnToolsVersion = 6.4;
					};
					648CC3061B5CFF160020D5F1 = {
						CreatedOnToolsVersion = 6.4;
						TestTargetID = 648CC2ED1B5CFF150020D5F1;
					};
				};
			};
			buildConfigurationList = 648CC2E91B5CFF150020D5F1 /* Build configuration list for PBXProject "CuteHttpServer" */;
			compatibilityVersion = "Xcode 3.2";
			developmentRegion = English;
			hasScannedForEncodings = 0;
			knownRegions = (
				en,
				Base,
			);
			mainGroup = 648CC2E51B5CFF150020D5F1;
			productRefGroup = 648CC2EF1B5CFF150020D5F1 /* Products */;
			projectDirPath = "";
			projectRoot = "";
			targets = (
				648CC2ED1B5CFF150020D5F1 /* CuteHttpServer */,
				648CC3061B5CFF160020D5F1 /* CuteHttpServerTests */,
			);
		};
/* End PBXProject section */

/* Begin PBXResourcesBuildPhase section */
		648CC2EC1B5CFF150020D5F1 /* Resources */ = {
			isa = PBXResourcesBuildPhase;
			buildActionMask = 2147483647;
			files = (
				648CC3021B5CFF160020D5F1 /* LaunchScreen.xib in Resources */,
				648CC2FF1B5CFF150020D5F1 /* Images.xcassets in Resources */,
			);
			runOnlyForDeploymentPostprocessing = 0;
		};
		648CC3051B5CFF160020D5F1 /* Resources */ = {
			isa = PBXResourcesBuildPhase;
			buildActionMask = 2147483647;
			files = (
			);
			runOnlyForDeploymentPostprocessing = 0;
		};
/* End PBXResourcesBuildPhase section */

/* Begin PBXSourcesBuildPhase section */
		648CC2EA1B5CFF150020D5F1 /* Sources */ = {
			isa = PBXSourcesBuildPhase;
			buildActionMask = 2147483647;
			files = (
				648CC2F71B5CFF150020D5F1 /* AppDelegate.m in Sources */,
				648CC2F41B5CFF150020D5F1 /* main.m in Sources */,
				648CC31D1B5CFF740020D5F1 /* CuteHttpClient.m in Sources */,
				648CC31E1B5CFF740020D5F1 /* CuteHttpServer.m in Sources */,
			);
			runOnlyForDeploymentPostprocessing = 0;
		};
		648CC3031B5CFF160020D5F1 /* Sources */ = {
			isa = PBXSourcesBuildPhase;
			buildActionMask = 2147483647;
			files = (
				648CC30E1B5CFF160020D5F1 /* CuteHttpServerTests.m in Sources */,
			);
			runOnlyForDeploymentPostprocessing = 0;
		};
/* End PBXSourcesBuildPhase section */

/* Begin PBXTargetDependency section */
		648CC3091B5CFF160020D5F1 /* PBXTargetDependency */ = {
			isa = PBXTargetDependency;
			target = 648CC2ED1B5CFF150020D5F1 /* CuteHttpServer */;
			targetProxy = 648CC3081B5CFF160020D5F1 /* PBXContainerItemProxy */;
		};
/* End PBXTargetDependency section */

/* Begin PBXVariantGroup section */
		648CC3001B5CFF160020D5F1 /* LaunchScreen.xib */ = {
			isa = PBXVariantGroup;
			children = (
				648CC3011B5CFF160020D5F1 /* Base */,
			);
			name = LaunchScreen.xib;
			sourceTree = "<group>";
		};
/* End PBXVariantGroup section */

/* Begin XCBuildConfiguration section */
		648CC30F1B5CFF160020D5F1 /* Debug */ = {
			isa = XCBuildConfiguration;
			buildSettings = {
				ALWAYS_SEARCH_USER_PATHS = NO;
				CLANG_CXX_LANGUAGE_STANDARD = "gnu++0x";
				CLANG_CXX_LIBRARY = "libc++";
				CLANG_ENABLE_MODULES = YES;
				CLANG_ENABLE_OBJC_ARC = YES;
				CLANG_WARN_BOOL_CONVERSION = YES;
				CLANG_WARN_CONSTANT_CONVERSION = YES;
				CLANG_WARN_DIRECT_OBJC_ISA_USAGE = YES_ERROR;
				CLANG_WARN_EMPTY_BODY = YES;
				CLANG_WARN_ENUM_CONVERSION = YES;
				CLANG_WARN_INT_CONVERSION = YES;
				CLANG_WARN_OBJC_ROOT_CLASS = YES_ERROR;
				CLANG_WARN_UNREACHABLE_CODE = YES;
				CLANG_WARN__DUPLICATE_METHOD_MATCH = YES;
				"CODE_SIGN_IDENTITY[sdk=iphoneos*]" = "iPhone Developer";
				COPY_PHASE_STRIP = NO;
				DEBUG_INFORMATION_FORMAT = "dwarf-with-dsym";
				ENABLE_STRICT_OBJC_MSGSEND = YES;
				GCC_C_LANGUAGE_STANDARD = gnu99;
				GCC_DYNAMIC_NO_PIC = NO;
				GCC_NO_COMMON_BLOCKS = YES;
				GCC_OPTIMIZATION_LEVEL = 0;
				GCC_PREPROCESSOR_DEFINITIONS = (
					"DEBUG=1",
					"$(inherited)",
				);
				GCC_SYMBOLS_PRIVATE_EXTERN = NO;
				GCC_WARN_64_TO_32_BIT_CONVERSION = YES;
				GCC_WARN_ABOUT_RETURN_TYPE = YES_ERROR;
				GCC_WARN_UNDECLARED_SELECTOR = YES;
				GCC_WARN_UNINITIALIZED_AUTOS = YES_AGGRESSIVE;
				GCC_WARN_UNUSED_FUNCTION = YES;
				GCC_WARN_UNUSED_VARIABLE = YES;
				IPHONEOS_DEPLOYMENT_TARGET = 8.4;
				MTL_ENABLE_DEBUG_INFO = YES;
				ONLY_ACTIVE_ARCH = YES;
				SDKROOT = iphoneos;
			};
			name = Debug;
		};
		648CC3101B5CFF160020D5F1 /* Release */ = {
			isa = XCBuildConfiguration;
			buildSettings = {
				ALWAYS_SEARCH_USER_PATHS = NO;
				CLANG_CXX_LANGUAGE_STANDARD = "gnu++0x";
				CLANG_CXX_LIBRARY = "libc++";
				CLANG_ENABLE_MODULES = YES;
				CLANG_ENABLE_OBJC_ARC = YES;
				CLANG_WARN_BOOL_CONVERSION = YES;
				CLANG_WARN_CONSTANT_CONVERSION = YES;
				CLANG_WARN_DIRECT_OBJC_ISA_USAGE = YES_ERROR;
				CLANG_WARN_EMPTY_BODY = YES;
				CLANG_WARN_ENUM_CONVERSION = YES;
				CLANG_WARN_INT_CONVERSION = YES;
				CLANG_WARN_OBJC_ROOT_CLASS = YES_ERROR;
				CLANG_WARN_UNREACHABLE_CODE = YES;
				CLANG_WARN__DUPLICATE_METHOD_MATCH = YES;
				"CODE_SIGN_IDENTITY[sdk=iphoneos*]" = "iPhone Developer";
				COPY_PHASE_STRIP = NO;
				DEBUG_INFORMATION_FORMAT = "dwarf-with-dsym";
				ENABLE_NS_ASSERTIONS = NO;
				ENABLE_STRICT_OBJC_MSGSEND = YES;
				GCC_C_LANGUAGE_STANDARD = gnu99;
				GCC_NO_COMMON_BLOCKS = YES;
				GCC_WARN_64_TO_32_BIT_CONVERSION = YES;
				GCC_WARN_ABOUT_RETURN_TYPE = YES_ERROR;
				GCC_WARN_UNDECLARED_SELECTOR = YES;
				GCC_WARN_UNINITIALIZED_AUTOS = YES_AGGRESSIVE;
				GCC_WARN_UNUSED_FUNCTION = YES;
				GCC_WARN_UNUSED_VARIABLE = YES;
				IPHONEOS_DEPLOYMENT_TARGET = 8.4;
				MTL_ENABLE_DEBUG_INFO = NO;
				SDKROOT = iphoneos;
				VALIDATE_PRODUCT = YES;
			};
			name = Release;
		};
		648CC3121B5CFF160020D5F1 /* Debug */ = {
			isa = XCBuildConfiguration;
			buildSettings = {
				ASSETCATALOG_COMPILER_APPICON_NAME = AppIcon;
				INFOPLIST_FILE = CuteHttpServer/Info.plist;
				LD_RUNPATH_SEARCH_PATHS = "$(inherited) @executable_path/Frameworks";
				PRODUCT_NAME = "$(TARGET_NAME)";
			};
			name = Debug;
		};
		648CC3131B5CFF160020D5F1 /* Release */ = {
			isa = XCBuildConfiguration;
			buildSettings = {
				ASSETCATALOG_COMPILER_APPICON_NAME = AppIcon;
				INFOPLIST_FILE = CuteHttpServer/Info.plist;
				LD_RUNPATH_SEARCH_PATHS = "$(inherited) @executable_path/Frameworks";
				PRODUCT_NAME = "$(TARGET_NAME)";
			};
			name = Release;
		};
		648CC3151B5CFF160020D5F1 /* Debug */ = {
			isa = XCBuildConfiguration;
			buildSettings = {
				BUNDLE_LOADER = "$(TEST_HOST)";
				FRAMEWORK_SEARCH_PATHS = (
					"$(SDKROOT)/Developer/Library/Frameworks",
					"$(inherited)",
				);
				GCC_PREPROCESSOR_DEFINITIONS = (
					"DEBUG=1",
					"$(inherited)",
				);
				INFOPLIST_FILE = CuteHttpServerTests/Info.plist;
				LD_RUNPATH_SEARCH_PATHS = "$(inherited) @executable_path/Frameworks @loader_path/Frameworks";
				PRODUCT_NAME = "$(TARGET_NAME)";
				TEST_HOST = "$(BUILT_PRODUCTS_DIR)/CuteHttpServer.app/CuteHttpServer";
			};
			name = Debug;
		};
		648CC3161B5CFF160020D5F1 /* Release */ = {
			isa = XCBuildConfiguration;
			buildSettings = {
				BUNDLE_LOADER = "$(TEST_HOST)";
				FRAMEWORK_SEARCH_PATHS = (
					"$(SDKROOT)/Developer/Library/Frameworks",
					"$(inherited)",
				);
				INFOPLIST_FILE = CuteHttpServerTests/Info.plist;
				LD_RUNPATH_SEARCH_PATHS = "$(inherited) @executable_path/Frameworks @loader_path/Frameworks";
				PRODUCT_NAME = "$(TARGET_NAME)";
				TEST_HOST = "$(BUILT_PRODUCTS_DIR)/CuteHttpServer.app/CuteHttpServer";
			};
			name = Release;
		};
/* End XCBuildConfiguration section */

/* Begin XCConfigurationList section */
		648CC2E91B5CFF150020D5F1 /* Build configuration list for PBXProject "CuteHttpServer" */ = {
			isa = XCConfigurationList;
			buildConfigurations = (
				648CC30F1B5CFF160020D5F1 /* Debug */,
				648CC3101B5CFF160020D5F1 /* Release */,
			);
			defaultConfigurationIsVisible = 0;
			defaultConfigurationName = Release;
		};
		648CC3111B5CFF160020D5F1 /* Build configuration list for PBXNativeTarget "CuteHttpServer" */ = {
			isa = XCConfigurationList;
			buildConfigurations = (
				648CC3121B5CFF160020D5F1 /* Debug */,
				648CC3131B5CFF160020D5F1 /* Release */,
			);
			defaultConfigurationIsVisible = 0;
		};
		648CC3141B5CFF160020D5F1 /* Build configuration list for PBXNativeTarget "CuteHttpServerTests" */ = {
			isa = XCConfigurationList;
			buildConfigurations = (
				648CC3151B5CFF160020D5F1 /* Debug */,
				648CC3161B5CFF160020D5F1 /* Release */,
			);
			defaultConfigurationIsVisible = 0;
		};
/* End XCConfigurationList section */
	};
	rootObject = 648CC2E61B5CFF150020D5F1 /* Project object */;
}
